
Microsoft Visual Studio Solution File, Format Version 12.00
# Visual Studio Version 17
VisualStudioVersion = 17.0.32112.339
MinimumVisualStudioVersion = 10.0.40219.1
Project("{8BC9CEB8-8B4A-11D0-8D11-00A0C91BC942}") = "D3D9Hook", "D3D9Hook\D3D9Hook.vcxproj", "{D832C6F7-A2AE-4498-A0B3-F6ED201487E4}"
EndProject
Project("{9A19103F-16F7-4668-BE54-9A1E7A4F7556}") = "TestHook", "TestHook\TestHook.csproj", "{C5C95273-AEB5-42F8-A315-A06F43B4F0AC}"
EndProject
Global
	GlobalSection(SolutionConfigurationPlatforms) = preSolution
		Debug|x64 = Debug|x64
		Release|x64 = Release|x64
	EndGlobalSection
	GlobalSection(ProjectConfigurationPlatforms) = postSolution
		{D832C6F7-A2AE-4498-A0B3-F6ED201487E4}.Debug|x64.ActiveCfg = Release|x64
		{D832C6F7-A2AE-4498-A0B3-F6ED201487E4}.Debug|x64.Build.0 = Release|x64
		{D832C6F7-A2AE-4498-A0B3-F6ED201487E4}.Release|x64.ActiveCfg = Release|x64
		{C5C95273-AEB5-42F8-A315-A06F43B4F0AC}.Debug|x64.ActiveCfg = Debug|x64
		{C5C95273-AEB5-42F8-A315-A06F43B4F0AC}.Debug|x64.Build.0 = Debug|x64
		{C5C95273-AEB5-42F8-A315-A06F43B4F0AC}.Release|x64.ActiveCfg = Release|x64
	EndGlobalSection
	GlobalSection(SolutionProperties) = preSolution
		HideSolutionNode = FALSE
	EndGlobalSection
	GlobalSection(ExtensibilityGlobals) = postSolution
		SolutionGuid = {0C6479A5-3BAC-412F-8E3C-45D5CD902976}
	EndGlobalSection
EndGlobal
